{
  "name": "vott-web",
  "version": "1.0.0",
  "lockfileVersion": 1,
  "requires": true,
  "dependencies": {
    "accepts": {
      "version": "1.3.4",
      "resolved": "https://registry.npmjs.org/accepts/-/accepts-1.3.4.tgz",
      "integrity": "sha1-hiRnWMfdbSGmR0/whKR0DsBesh8=",
      "requires": {
        "mime-types": "2.1.17",
        "negotiator": "0.6.1"
      }
    },
    "ajv": {
      "version": "4.11.8",
      "resolved": "https://registry.npmjs.org/ajv/-/ajv-4.11.8.tgz",
      "integrity": "sha1-gv+wKynmYq5TvcIK8VlHcGc5xTY=",
      "requires": {
        "co": "4.6.0",
        "json-stable-stringify": "1.0.1"
      }
    },
    "array-flatten": {
      "version": "1.1.1",
      "resolved": "https://registry.npmjs.org/array-flatten/-/array-flatten-1.1.1.tgz",
      "integrity": "sha1-ml9pkFGx5wczKPKgCJaLZOopVdI="
    },
    "asn1": {
      "version": "0.2.3",
      "resolved": "https://registry.npmjs.org/asn1/-/asn1-0.2.3.tgz",
      "integrity": "sha1-2sh4dxPJlmhJ/IGAd36+nB3fO4Y="
    },
    "asn1.js": {
      "version": "4.9.2",
      "resolved": "https://registry.npmjs.org/asn1.js/-/asn1.js-4.9.2.tgz",
      "integrity": "sha512-b/OsSjvWEo8Pi8H0zsDd2P6Uqo2TK2pH8gNLSJtNLM2Db0v2QaAZ0pBQJXVjAn4gBuugeVDr7s63ZogpUIwWDg==",
      "requires": {
        "bn.js": "4.11.8",
        "inherits": "2.0.3",
        "minimalistic-assert": "1.0.0"
      }
    },
    "assert-plus": {
      "version": "0.2.0",
      "resolved": "https://registry.npmjs.org/assert-plus/-/assert-plus-0.2.0.tgz",
      "integrity": "sha1-104bh+ev/A24qttwIfP+SBAasjQ="
    },
    "async": {
      "version": "2.6.0",
      "resolved": "https://registry.npmjs.org/async/-/async-2.6.0.tgz",
      "integrity": "sha1-YaKau2/MAm/qd+VtHG7FOnlZUfQ=",
      "requires": {
        "lodash": "4.17.4"
      }
    },
    "asynckit": {
      "version": "0.4.0",
      "resolved": "https://registry.npmjs.org/asynckit/-/asynckit-0.4.0.tgz",
      "integrity": "sha1-x57Zf380y48robyXkLzDZkdLS3k="
    },
    "aws-sign2": {
      "version": "0.6.0",
      "resolved": "https://registry.npmjs.org/aws-sign2/-/aws-sign2-0.6.0.tgz",
      "integrity": "sha1-FDQt0428yU0OW4fXY81jYSwOeU8="
    },
    "aws4": {
      "version": "1.6.0",
      "resolved": "https://registry.npmjs.org/aws4/-/aws4-1.6.0.tgz",
      "integrity": "sha1-g+9cqGCysy5KDe7e6MdxudtXRx4="
    },
    "azure-storage": {
      "version": "2.7.0",
      "resolved": "https://registry.npmjs.org/azure-storage/-/azure-storage-2.7.0.tgz",
      "integrity": "sha1-EGw18LpsVR+Si9OUwCbkTQQB/88=",
      "requires": {
        "browserify-mime": "1.2.9",
        "extend": "1.2.1",
        "json-edm-parser": "0.1.2",
        "md5.js": "1.3.4",
        "readable-stream": "2.0.6",
        "request": "2.81.0",
        "underscore": "1.8.3",
        "uuid": "3.1.0",
        "validator": "3.35.0",
        "xml2js": "0.2.7",
        "xmlbuilder": "0.4.3"
      }
    },
    "balanced-match": {
      "version": "1.0.0",
      "resolved": "https://registry.npmjs.org/balanced-match/-/balanced-match-1.0.0.tgz",
      "integrity": "sha1-ibTRmasr7kneFk6gK4nORi1xt2c=",
      "optional": true
    },
    "base64url": {
      "version": "2.0.0",
      "resolved": "https://registry.npmjs.org/base64url/-/base64url-2.0.0.tgz",
      "integrity": "sha1-6sFuA+oUOO/5Qj1puqNiYu0fcLs="
    },
    "bcrypt-pbkdf": {
      "version": "1.0.1",
      "resolved": "https://registry.npmjs.org/bcrypt-pbkdf/-/bcrypt-pbkdf-1.0.1.tgz",
      "integrity": "sha1-Y7xdy2EzG5K8Bf1SiVPDNGKgb40=",
      "optional": true,
      "requires": {
        "tweetnacl": "0.14.5"
      }
    },
    "bn.js": {
      "version": "4.11.8",
      "resolved": "https://registry.npmjs.org/bn.js/-/bn.js-4.11.8.tgz",
      "integrity": "sha512-ItfYfPLkWHUjckQCk8xC+LwxgK8NYcXywGigJgSwOP8Y2iyWT4f2vsZnoOXTTbo+o5yXmIUJ4gn5538SO5S3gA=="
    },
    "body-parser": {
      "version": "1.18.2",
      "resolved": "https://registry.npmjs.org/body-parser/-/body-parser-1.18.2.tgz",
      "integrity": "sha1-h2eKGdhLR9hZuDGZvVm84iKxBFQ=",
      "requires": {
        "bytes": "3.0.0",
        "content-type": "1.0.4",
        "debug": "2.6.9",
        "depd": "1.1.1",
        "http-errors": "1.6.2",
        "iconv-lite": "0.4.19",
        "on-finished": "2.3.0",
        "qs": "6.5.1",
        "raw-body": "2.3.2",
        "type-is": "1.6.15"
      }
    },
    "boom": {
      "version": "2.10.1",
      "resolved": "https://registry.npmjs.org/boom/-/boom-2.10.1.tgz",
      "integrity": "sha1-OciRjO/1eZ+D+UkqhI9iWt0Mdm8=",
      "requires": {
        "hoek": "2.16.3"
      }
    },
    "brace-expansion": {
      "version": "1.1.8",
      "resolved": "https://registry.npmjs.org/brace-expansion/-/brace-expansion-1.1.8.tgz",
      "integrity": "sha1-wHshHHyVLsH479Uad+8NHTmQopI=",
      "optional": true,
      "requires": {
        "balanced-match": "1.0.0",
        "concat-map": "0.0.1"
      }
    },
    "brorand": {
      "version": "1.1.0",
      "resolved": "https://registry.npmjs.org/brorand/-/brorand-1.1.0.tgz",
      "integrity": "sha1-EsJe/kCkXjwyPrhnWgoM5XsiNx8="
    },
    "browserify-mime": {
      "version": "1.2.9",
      "resolved": "https://registry.npmjs.org/browserify-mime/-/browserify-mime-1.2.9.tgz",
      "integrity": "sha1-rrGvKN5sDXpqLOQK22j/GEIq8x8="
    },
    "buffer-equal-constant-time": {
      "version": "1.0.1",
      "resolved": "https://registry.npmjs.org/buffer-equal-constant-time/-/buffer-equal-constant-time-1.0.1.tgz",
      "integrity": "sha1-+OcRMvf/5uAaXJaXpMbz5I1cyBk="
    },
    "bunyan": {
      "version": "1.8.12",
      "resolved": "https://registry.npmjs.org/bunyan/-/bunyan-1.8.12.tgz",
      "integrity": "sha1-8VDw9nSKvdcq6uhPBEA74u8RN5c=",
      "requires": {
        "dtrace-provider": "0.8.5",
        "moment": "2.20.1",
        "mv": "2.1.1",
        "safe-json-stringify": "1.0.4"
      }
    },
    "bytes": {
      "version": "3.0.0",
      "resolved": "https://registry.npmjs.org/bytes/-/bytes-3.0.0.tgz",
      "integrity": "sha1-0ygVQE1olpn4Wk6k+odV3ROpYEg="
    },
    "cache-manager": {
      "version": "2.6.0",
      "resolved": "https://registry.npmjs.org/cache-manager/-/cache-manager-2.6.0.tgz",
      "integrity": "sha1-EFDY2alFKoCgz1Zy8TlNMe89QQk=",
      "requires": {
        "async": "1.5.2",
        "lru-cache": "4.0.0"
      },
      "dependencies": {
        "async": {
          "version": "1.5.2",
          "resolved": "https://registry.npmjs.org/async/-/async-1.5.2.tgz",
          "integrity": "sha1-7GphrlZIDAw8skHJVhjiCJL5Zyo="
        }
      }
    },
    "camelize": {
      "version": "1.0.0",
      "resolved": "https://registry.npmjs.org/camelize/-/camelize-1.0.0.tgz",
      "integrity": "sha1-FkpUg+Yw+kMh5a8HAg5TGDGyYJs="
    },
    "caseless": {
      "version": "0.12.0",
      "resolved": "https://registry.npmjs.org/caseless/-/caseless-0.12.0.tgz",
      "integrity": "sha1-G2gcIf+EAzyCZUMJBolCDRhxUdw="
    },
    "co": {
      "version": "4.6.0",
      "resolved": "https://registry.npmjs.org/co/-/co-4.6.0.tgz",
      "integrity": "sha1-bqa989hTrlTMuOR7+gvz+QMfsYQ="
    },
    "combined-stream": {
      "version": "1.0.5",
      "resolved": "https://registry.npmjs.org/combined-stream/-/combined-stream-1.0.5.tgz",
      "integrity": "sha1-k4NwpXtKUd6ix3wV1cX9+JUWQAk=",
      "requires": {
        "delayed-stream": "1.0.0"
      }
    },
    "concat-map": {
      "version": "0.0.1",
      "resolved": "https://registry.npmjs.org/concat-map/-/concat-map-0.0.1.tgz",
      "integrity": "sha1-2Klr13/Wjfd5OnMDajug1UBdR3s=",
      "optional": true
    },
    "content-disposition": {
      "version": "0.5.2",
      "resolved": "https://registry.npmjs.org/content-disposition/-/content-disposition-0.5.2.tgz",
      "integrity": "sha1-DPaLud318r55YcOoUXjLhdunjLQ="
    },
    "content-security-policy-builder": {
      "version": "1.1.0",
      "resolved": "https://registry.npmjs.org/content-security-policy-builder/-/content-security-policy-builder-1.1.0.tgz",
      "integrity": "sha1-2R8bB2I2wRmFDH3umSS/VeBXcrM=",
      "requires": {
        "dashify": "0.2.2"
      }
    },
    "content-type": {
      "version": "1.0.4",
      "resolved": "https://registry.npmjs.org/content-type/-/content-type-1.0.4.tgz",
      "integrity": "sha1-4TjMdeBAxyexlm/l5fjJruJW/js="
    },
    "cookie": {
      "version": "0.3.1",
      "resolved": "https://registry.npmjs.org/cookie/-/cookie-0.3.1.tgz",
      "integrity": "sha1-5+Ch+e9DtMi6klxcWpboBtFoc7s="
    },
    "cookie-parser": {
      "version": "1.4.3",
      "resolved": "https://registry.npmjs.org/cookie-parser/-/cookie-parser-1.4.3.tgz",
      "integrity": "sha1-D+MfoZ0AC5X0qt8fU/3CuKIDuqU=",
      "requires": {
        "cookie": "0.3.1",
        "cookie-signature": "1.0.6"
      }
    },
    "cookie-signature": {
      "version": "1.0.6",
      "resolved": "https://registry.npmjs.org/cookie-signature/-/cookie-signature-1.0.6.tgz",
      "integrity": "sha1-4wOogrNCzD7oylE6eZmXNNqzriw="
    },
    "core-util-is": {
      "version": "1.0.2",
      "resolved": "https://registry.npmjs.org/core-util-is/-/core-util-is-1.0.2.tgz",
      "integrity": "sha1-tf1UIgqivFq1eqtxQMlAdUUDwac="
    },
    "crc": {
      "version": "3.4.4",
      "resolved": "https://registry.npmjs.org/crc/-/crc-3.4.4.tgz",
      "integrity": "sha1-naHpgOO9RPxck79as9ozeNheRms="
    },
    "cryptiles": {
      "version": "2.0.5",
      "resolved": "https://registry.npmjs.org/cryptiles/-/cryptiles-2.0.5.tgz",
      "integrity": "sha1-O9/s3GCBR8HGcgL6KR59ylnqo7g=",
      "requires": {
        "boom": "2.10.1"
      }
    },
    "dashdash": {
      "version": "1.14.1",
      "resolved": "https://registry.npmjs.org/dashdash/-/dashdash-1.14.1.tgz",
      "integrity": "sha1-hTz6D3y+L+1d4gMmuN1YEDX24vA=",
      "requires": {
        "assert-plus": "1.0.0"
      },
      "dependencies": {
        "assert-plus": {
          "version": "1.0.0",
          "resolved": "https://registry.npmjs.org/assert-plus/-/assert-plus-1.0.0.tgz",
          "integrity": "sha1-8S4PPF13sLHN2RRpQuTpbB5N1SU="
        }
      }
    },
    "dasherize": {
      "version": "2.0.0",
      "resolved": "https://registry.npmjs.org/dasherize/-/dasherize-2.0.0.tgz",
      "integrity": "sha1-bYCcnNDPe7iVLYD8hPoT1H3bEwg="
    },
    "dashify": {
      "version": "0.2.2",
      "resolved": "https://registry.npmjs.org/dashify/-/dashify-0.2.2.tgz",
      "integrity": "sha1-agdBWgHJH69KMuONnfunH2HLIP4="
    },
    "debug": {
      "version": "2.6.9",
      "resolved": "https://registry.npmjs.org/debug/-/debug-2.6.9.tgz",
      "integrity": "sha1-XRKFFd8TT/Mn6QpMk/Tgd6U2NB8=",
      "requires": {
        "ms": "2.0.0"
      }
    },
    "delayed-stream": {
      "version": "1.0.0",
      "resolved": "https://registry.npmjs.org/delayed-stream/-/delayed-stream-1.0.0.tgz",
      "integrity": "sha1-3zrhmayt+31ECqrgsp4icrJOxhk="
    },
    "depd": {
      "version": "1.1.1",
      "resolved": "https://registry.npmjs.org/depd/-/depd-1.1.1.tgz",
      "integrity": "sha1-V4O04cRZ8G+lyif5kfPQbnoxA1k="
    },
    "destroy": {
      "version": "1.0.4",
      "resolved": "https://registry.npmjs.org/destroy/-/destroy-1.0.4.tgz",
      "integrity": "sha1-l4hXRCxEdJ5CBmE+N5RiBYJqvYA="
    },
    "dns-prefetch-control": {
      "version": "0.1.0",
      "resolved": "https://registry.npmjs.org/dns-prefetch-control/-/dns-prefetch-control-0.1.0.tgz",
      "integrity": "sha1-YN20V3dOF48flBXwyrsOhbCzALI="
    },
    "dont-sniff-mimetype": {
      "version": "1.0.0",
      "resolved": "https://registry.npmjs.org/dont-sniff-mimetype/-/dont-sniff-mimetype-1.0.0.tgz",
      "integrity": "sha1-WTKJDcn04vGeXrAqIAJuXl78j1g="
    },
    "dotenv": {
      "version": "4.0.0",
      "resolved": "https://registry.npmjs.org/dotenv/-/dotenv-4.0.0.tgz",
      "integrity": "sha1-hk7xN5rO1Vzm+V3r7NzhefegzR0="
    },
    "dtrace-provider": {
      "version": "0.8.5",
      "resolved": "https://registry.npmjs.org/dtrace-provider/-/dtrace-provider-0.8.5.tgz",
      "integrity": "sha1-mOu6Ihr6xG4cOf02hY2Pk2dSS5I=",
      "optional": true,
      "requires": {
        "nan": "2.8.0"
      }
    },
    "ecc-jsbn": {
      "version": "0.1.1",
      "resolved": "https://registry.npmjs.org/ecc-jsbn/-/ecc-jsbn-0.1.1.tgz",
      "integrity": "sha1-D8c6ntXw1Tw4GTOYUj735UN3dQU=",
      "optional": true,
      "requires": {
        "jsbn": "0.1.1"
      }
    },
    "ecdsa-sig-formatter": {
      "version": "1.0.9",
      "resolved": "https://registry.npmjs.org/ecdsa-sig-formatter/-/ecdsa-sig-formatter-1.0.9.tgz",
      "integrity": "sha1-S8kmJ07Dtau1AW5+HWCSGsJisqE=",
      "requires": {
        "base64url": "2.0.0",
        "safe-buffer": "5.1.1"
      }
    },
    "ee-first": {
      "version": "1.1.1",
      "resolved": "https://registry.npmjs.org/ee-first/-/ee-first-1.1.1.tgz",
      "integrity": "sha1-WQxhFWsK4vTwJVcyoViyZrxWsh0="
    },
    "elliptic": {
      "version": "6.4.0",
      "resolved": "https://registry.npmjs.org/elliptic/-/elliptic-6.4.0.tgz",
      "integrity": "sha1-ysmvh2LIWDYYcAPI3+GT5eLq5d8=",
      "requires": {
        "bn.js": "4.11.8",
        "brorand": "1.1.0",
        "hash.js": "1.1.3",
        "hmac-drbg": "1.0.1",
        "inherits": "2.0.3",
        "minimalistic-assert": "1.0.0",
        "minimalistic-crypto-utils": "1.0.1"
      }
    },
    "encodeurl": {
      "version": "1.0.1",
      "resolved": "https://registry.npmjs.org/encodeurl/-/encodeurl-1.0.1.tgz",
      "integrity": "sha1-eePVhlU0aQn+bw9Fpd5oEDspTSA="
    },
    "escape-html": {
      "version": "1.0.3",
      "resolved": "https://registry.npmjs.org/escape-html/-/escape-html-1.0.3.tgz",
      "integrity": "sha1-Aljq5NPQwJdN4cFpGI7wBR0dGYg="
    },
    "etag": {
      "version": "1.8.1",
      "resolved": "https://registry.npmjs.org/etag/-/etag-1.8.1.tgz",
      "integrity": "sha1-Qa4u62XvpiJorr/qg6x9eSmbCIc="
    },
    "expect-ct": {
      "version": "0.1.0",
      "resolved": "https://registry.npmjs.org/expect-ct/-/expect-ct-0.1.0.tgz",
      "integrity": "sha1-UnNWeN4YUwiQ2Ne5XwrGNkCVgJQ="
    },
    "express": {
      "version": "4.16.2",
      "resolved": "https://registry.npmjs.org/express/-/express-4.16.2.tgz",
      "integrity": "sha1-41xt/i1kt9ygpc1PIXgb4ymeB2w=",
      "requires": {
        "accepts": "1.3.4",
        "array-flatten": "1.1.1",
        "body-parser": "1.18.2",
        "content-disposition": "0.5.2",
        "content-type": "1.0.4",
        "cookie": "0.3.1",
        "cookie-signature": "1.0.6",
        "debug": "2.6.9",
        "depd": "1.1.1",
        "encodeurl": "1.0.1",
        "escape-html": "1.0.3",
        "etag": "1.8.1",
        "finalhandler": "1.1.0",
        "fresh": "0.5.2",
        "merge-descriptors": "1.0.1",
        "methods": "1.1.2",
        "on-finished": "2.3.0",
        "parseurl": "1.3.2",
        "path-to-regexp": "0.1.7",
        "proxy-addr": "2.0.2",
        "qs": "6.5.1",
        "range-parser": "1.2.0",
        "safe-buffer": "5.1.1",
        "send": "0.16.1",
        "serve-static": "1.13.1",
        "setprototypeof": "1.1.0",
        "statuses": "1.3.1",
        "type-is": "1.6.15",
        "utils-merge": "1.0.1",
        "vary": "1.1.2"
      },
      "dependencies": {
        "setprototypeof": {
          "version": "1.1.0",
          "resolved": "https://registry.npmjs.org/setprototypeof/-/setprototypeof-1.1.0.tgz",
          "integrity": "sha1-0L2FU2iHtv58DYGMuWLZ2RxU5lY="
        },
        "statuses": {
          "version": "1.3.1",
          "resolved": "https://registry.npmjs.org/statuses/-/statuses-1.3.1.tgz",
          "integrity": "sha1-+vUbnrdKrvOzrPStX2Gr8ky3uT4="
        }
      }
    },
    "express-graphql": {
      "version": "0.6.11",
      "resolved": "https://registry.npmjs.org/express-graphql/-/express-graphql-0.6.11.tgz",
      "integrity": "sha1-Pc540GQ+eOfjYGZGzhYgJboFhas=",
      "requires": {
        "accepts": "1.3.4",
        "content-type": "1.0.4",
        "http-errors": "1.6.2",
        "raw-body": "2.3.2"
      }
    },
    "express-session": {
      "version": "1.15.6",
      "resolved": "https://registry.npmjs.org/express-session/-/express-session-1.15.6.tgz",
      "integrity": "sha512-r0nrHTCYtAMrFwZ0kBzZEXa1vtPVrw0dKvGSrKP4dahwBQ1BJpF2/y1Pp4sCD/0kvxV4zZeclyvfmw0B4RMJQA==",
      "requires": {
        "cookie": "0.3.1",
        "cookie-signature": "1.0.6",
        "crc": "3.4.4",
        "debug": "2.6.9",
        "depd": "1.1.1",
        "on-headers": "1.0.1",
        "parseurl": "1.3.2",
        "uid-safe": "2.1.5",
        "utils-merge": "1.0.1"
      }
    },
    "extend": {
      "version": "1.2.1",
      "resolved": "https://registry.npmjs.org/extend/-/extend-1.2.1.tgz",
      "integrity": "sha1-oPX9bPyDpf5J72mNYOyKYk3UV2w="
    },
    "extsprintf": {
      "version": "1.3.0",
      "resolved": "https://registry.npmjs.org/extsprintf/-/extsprintf-1.3.0.tgz",
      "integrity": "sha1-lpGEQOMEGnpBT4xS48V06zw+HgU="
    },
    "finalhandler": {
      "version": "1.1.0",
      "resolved": "https://registry.npmjs.org/finalhandler/-/finalhandler-1.1.0.tgz",
      "integrity": "sha1-zgtoVbRYU+eRsvzGgARtiCU91/U=",
      "requires": {
        "debug": "2.6.9",
        "encodeurl": "1.0.1",
        "escape-html": "1.0.3",
        "on-finished": "2.3.0",
        "parseurl": "1.3.2",
        "statuses": "1.3.1",
        "unpipe": "1.0.0"
      },
      "dependencies": {
        "statuses": {
          "version": "1.3.1",
          "resolved": "https://registry.npmjs.org/statuses/-/statuses-1.3.1.tgz",
          "integrity": "sha1-+vUbnrdKrvOzrPStX2Gr8ky3uT4="
        }
      }
    },
    "forever-agent": {
      "version": "0.6.1",
      "resolved": "https://registry.npmjs.org/forever-agent/-/forever-agent-0.6.1.tgz",
      "integrity": "sha1-+8cfDEGt6zf5bFd60e1C2P2sypE="
    },
    "form-data": {
      "version": "2.1.4",
      "resolved": "https://registry.npmjs.org/form-data/-/form-data-2.1.4.tgz",
      "integrity": "sha1-M8GDrPGTJ27KqYFDpp6Uv+4XUNE=",
      "requires": {
        "asynckit": "0.4.0",
        "combined-stream": "1.0.5",
        "mime-types": "2.1.17"
      }
    },
    "forwarded": {
      "version": "0.1.2",
      "resolved": "https://registry.npmjs.org/forwarded/-/forwarded-0.1.2.tgz",
      "integrity": "sha1-mMI9qxF1ZXuMBXPozszZGw/xjIQ="
    },
    "frameguard": {
      "version": "3.0.0",
      "resolved": "https://registry.npmjs.org/frameguard/-/frameguard-3.0.0.tgz",
      "integrity": "sha1-e8rUae57lukdEs6zlZx4I1qScuk="
    },
    "fresh": {
      "version": "0.5.2",
      "resolved": "https://registry.npmjs.org/fresh/-/fresh-0.5.2.tgz",
      "integrity": "sha1-PYyt2Q2XZWn6g1qx+OSyOhBWBac="
    },
    "getpass": {
      "version": "0.1.7",
      "resolved": "https://registry.npmjs.org/getpass/-/getpass-0.1.7.tgz",
      "integrity": "sha1-Xv+OPmhNVprkyysSgmBOi6YhSfo=",
      "requires": {
        "assert-plus": "1.0.0"
      },
      "dependencies": {
        "assert-plus": {
          "version": "1.0.0",
          "resolved": "https://registry.npmjs.org/assert-plus/-/assert-plus-1.0.0.tgz",
          "integrity": "sha1-8S4PPF13sLHN2RRpQuTpbB5N1SU="
        }
      }
    },
    "glob": {
      "version": "6.0.4",
      "resolved": "https://registry.npmjs.org/glob/-/glob-6.0.4.tgz",
      "integrity": "sha1-DwiGD2oVUSey+t1PnOJLGqtuTSI=",
      "optional": true,
      "requires": {
        "inflight": "1.0.6",
        "inherits": "2.0.3",
        "minimatch": "3.0.4",
        "once": "1.4.0",
        "path-is-absolute": "1.0.1"
      }
    },
    "graphql": {
      "version": "0.11.7",
      "resolved": "https://registry.npmjs.org/graphql/-/graphql-0.11.7.tgz",
      "integrity": "sha1-5auqnLe3zMuE6fCDa/Q3DSaHUMY=",
      "requires": {
        "iterall": "1.1.3"
      }
    },
    "har-schema": {
      "version": "1.0.5",
      "resolved": "https://registry.npmjs.org/har-schema/-/har-schema-1.0.5.tgz",
      "integrity": "sha1-0mMTX0MwfALGAq/I/pWXDAFRNp4="
    },
    "har-validator": {
      "version": "4.2.1",
      "resolved": "https://registry.npmjs.org/har-validator/-/har-validator-4.2.1.tgz",
      "integrity": "sha1-M0gdDxu/9gDdID11gSpqX7oALio=",
      "requires": {
        "ajv": "4.11.8",
        "har-schema": "1.0.5"
      }
    },
    "hash-base": {
      "version": "3.0.4",
      "resolved": "https://registry.npmjs.org/hash-base/-/hash-base-3.0.4.tgz",
      "integrity": "sha1-X8hoaEfs1zSZQDMZprCj8/auSRg=",
      "requires": {
        "inherits": "2.0.3",
        "safe-buffer": "5.1.1"
      }
    },
    "hash.js": {
      "version": "1.1.3",
      "resolved": "https://registry.npmjs.org/hash.js/-/hash.js-1.1.3.tgz",
      "integrity": "sha512-/UETyP0W22QILqS+6HowevwhEFJ3MBJnwTf75Qob9Wz9t0DPuisL8kW8YZMK62dHAKE1c1p+gY1TtOLY+USEHA==",
      "requires": {
        "inherits": "2.0.3",
        "minimalistic-assert": "1.0.0"
      }
    },
    "hawk": {
      "version": "3.1.3",
      "resolved": "https://registry.npmjs.org/hawk/-/hawk-3.1.3.tgz",
      "integrity": "sha1-B4REvXwWQLD+VA0sm3PVlnjo4cQ=",
      "requires": {
        "boom": "2.10.1",
        "cryptiles": "2.0.5",
        "hoek": "2.16.3",
        "sntp": "1.0.9"
      }
    },
    "helmet": {
      "version": "3.9.0",
      "resolved": "https://registry.npmjs.org/helmet/-/helmet-3.9.0.tgz",
      "integrity": "sha1-eyzwFaLRCbyoPt55JEIHmcDmfe4=",
      "requires": {
        "dns-prefetch-control": "0.1.0",
        "dont-sniff-mimetype": "1.0.0",
        "expect-ct": "0.1.0",
        "frameguard": "3.0.0",
        "helmet-csp": "2.6.0",
        "hide-powered-by": "1.0.0",
        "hpkp": "2.0.0",
        "hsts": "2.1.0",
        "ienoopen": "1.0.0",
        "nocache": "2.0.0",
        "referrer-policy": "1.1.0",
        "x-xss-protection": "1.0.0"
      }
    },
    "helmet-csp": {
      "version": "2.6.0",
      "resolved": "https://registry.npmjs.org/helmet-csp/-/helmet-csp-2.6.0.tgz",
      "integrity": "sha1-wfVZWvvF+D5fHmwV+ELwehD26gQ=",
      "requires": {
        "camelize": "1.0.0",
        "content-security-policy-builder": "1.1.0",
        "dasherize": "2.0.0",
        "lodash.reduce": "4.6.0",
        "platform": "1.3.4"
      }
    },
    "hide-powered-by": {
      "version": "1.0.0",
      "resolved": "https://registry.npmjs.org/hide-powered-by/-/hide-powered-by-1.0.0.tgz",
      "integrity": "sha1-SoWtZYgfYoV/xwr3F0oRhNzM4ys="
    },
    "hmac-drbg": {
      "version": "1.0.1",
      "resolved": "https://registry.npmjs.org/hmac-drbg/-/hmac-drbg-1.0.1.tgz",
      "integrity": "sha1-0nRXAQJabHdabFRXk+1QL8DGSaE=",
      "requires": {
        "hash.js": "1.1.3",
        "minimalistic-assert": "1.0.0",
        "minimalistic-crypto-utils": "1.0.1"
      }
    },
    "hoek": {
      "version": "2.16.3",
      "resolved": "https://registry.npmjs.org/hoek/-/hoek-2.16.3.tgz",
      "integrity": "sha1-ILt0A9POo5jpHcRxCo/xuCdKJe0="
    },
    "hpkp": {
      "version": "2.0.0",
      "resolved": "https://registry.npmjs.org/hpkp/-/hpkp-2.0.0.tgz",
      "integrity": "sha1-EOFCJk52IVpdMMROxD3mTe5tFnI="
    },
    "hsts": {
      "version": "2.1.0",
      "resolved": "https://registry.npmjs.org/hsts/-/hsts-2.1.0.tgz",
      "integrity": "sha1-y9bJGKI4X+4d1WgL+ys6GUwBIcw="
    },
    "http-errors": {
      "version": "1.6.2",
      "resolved": "https://registry.npmjs.org/http-errors/-/http-errors-1.6.2.tgz",
      "integrity": "sha1-CgAsyFcHGSp+eUbO7cERVfYOxzY=",
      "requires": {
        "depd": "1.1.1",
        "inherits": "2.0.3",
        "setprototypeof": "1.0.3",
        "statuses": "1.4.0"
      }
    },
    "http-signature": {
      "version": "1.1.1",
      "resolved": "https://registry.npmjs.org/http-signature/-/http-signature-1.1.1.tgz",
      "integrity": "sha1-33LiZwZs0Kxn+3at+OE0qPvPkb8=",
      "requires": {
        "assert-plus": "0.2.0",
        "jsprim": "1.4.1",
        "sshpk": "1.13.1"
      }
    },
    "iconv-lite": {
      "version": "0.4.19",
      "resolved": "https://registry.npmjs.org/iconv-lite/-/iconv-lite-0.4.19.tgz",
      "integrity": "sha1-90aPYBNfXl2tM5nAqBvpoWA6CCs="
    },
    "ienoopen": {
      "version": "1.0.0",
      "resolved": "https://registry.npmjs.org/ienoopen/-/ienoopen-1.0.0.tgz",
      "integrity": "sha1-NGpCj0dKrI9QzzeE6i0PFvYr2ms="
    },
    "inflight": {
      "version": "1.0.6",
      "resolved": "https://registry.npmjs.org/inflight/-/inflight-1.0.6.tgz",
      "integrity": "sha1-Sb1jMdfQLQwJvJEKEHW6gWW1bfk=",
      "optional": true,
      "requires": {
        "once": "1.4.0",
        "wrappy": "1.0.2"
      }
    },
    "inherits": {
      "version": "2.0.3",
      "resolved": "https://registry.npmjs.org/inherits/-/inherits-2.0.3.tgz",
      "integrity": "sha1-Yzwsg+PaQqUC9SRmAiSA9CCCYd4="
    },
    "ipaddr.js": {
      "version": "1.5.2",
      "resolved": "https://registry.npmjs.org/ipaddr.js/-/ipaddr.js-1.5.2.tgz",
      "integrity": "sha1-1LUFvemUaYfM8PxY2QEP+WB+P6A="
    },
    "is-typedarray": {
      "version": "1.0.0",
      "resolved": "https://registry.npmjs.org/is-typedarray/-/is-typedarray-1.0.0.tgz",
      "integrity": "sha1-5HnICFjfDBsR3dppQPlgEfzaSpo="
    },
    "isarray": {
      "version": "1.0.0",
      "resolved": "https://registry.npmjs.org/isarray/-/isarray-1.0.0.tgz",
      "integrity": "sha1-u5NdSFgsuhaMBoNJV6VKPgcSTxE="
    },
    "isstream": {
      "version": "0.1.2",
      "resolved": "https://registry.npmjs.org/isstream/-/isstream-0.1.2.tgz",
      "integrity": "sha1-R+Y/evVa+m+S4VAOaQ64uFKcCZo="
    },
    "iterall": {
      "version": "1.1.3",
      "resolved": "https://registry.npmjs.org/iterall/-/iterall-1.1.3.tgz",
      "integrity": "sha1-HLv/liBAVt3mZW4u0uIibQ5tcsk="
    },
    "jsbn": {
      "version": "0.1.1",
      "resolved": "https://registry.npmjs.org/jsbn/-/jsbn-0.1.1.tgz",
      "integrity": "sha1-peZUwuWi3rXyAdls77yoDA7y9RM=",
      "optional": true
    },
    "json-edm-parser": {
      "version": "0.1.2",
      "resolved": "https://registry.npmjs.org/json-edm-parser/-/json-edm-parser-0.1.2.tgz",
      "integrity": "sha1-HmCw/vG8CvZ7wNFG393lSGzWFbQ=",
      "requires": {
        "jsonparse": "1.2.0"
      }
    },
    "json-schema": {
      "version": "0.2.3",
      "resolved": "https://registry.npmjs.org/json-schema/-/json-schema-0.2.3.tgz",
      "integrity": "sha1-tIDIkuWaLwWVTOcnvT8qTogvnhM="
    },
    "json-stable-stringify": {
      "version": "1.0.1",
      "resolved": "https://registry.npmjs.org/json-stable-stringify/-/json-stable-stringify-1.0.1.tgz",
      "integrity": "sha1-mnWdOcXy/1A/1TAGRu1EX4jE+a8=",
      "requires": {
        "jsonify": "0.0.0"
      }
    },
    "json-stringify-safe": {
      "version": "5.0.1",
      "resolved": "https://registry.npmjs.org/json-stringify-safe/-/json-stringify-safe-5.0.1.tgz",
      "integrity": "sha1-Epai1Y/UXxmg9s4B1lcB4sc1tus="
    },
    "jsonify": {
      "version": "0.0.0",
      "resolved": "https://registry.npmjs.org/jsonify/-/jsonify-0.0.0.tgz",
      "integrity": "sha1-LHS27kHZPKUbe1qu6PUDYx0lKnM="
    },
    "jsonparse": {
      "version": "1.2.0",
      "resolved": "https://registry.npmjs.org/jsonparse/-/jsonparse-1.2.0.tgz",
      "integrity": "sha1-XAxWhRBxYOcv50ib3eoLRMK8Z70="
    },
    "jsprim": {
      "version": "1.4.1",
      "resolved": "https://registry.npmjs.org/jsprim/-/jsprim-1.4.1.tgz",
      "integrity": "sha1-MT5mvB5cwG5Di8G3SZwuXFastqI=",
      "requires": {
        "assert-plus": "1.0.0",
        "extsprintf": "1.3.0",
        "json-schema": "0.2.3",
        "verror": "1.10.0"
      },
      "dependencies": {
        "assert-plus": {
          "version": "1.0.0",
          "resolved": "https://registry.npmjs.org/assert-plus/-/assert-plus-1.0.0.tgz",
          "integrity": "sha1-8S4PPF13sLHN2RRpQuTpbB5N1SU="
        }
      }
    },
    "jwa": {
      "version": "1.1.5",
      "resolved": "https://registry.npmjs.org/jwa/-/jwa-1.1.5.tgz",
      "integrity": "sha1-oFUs4CIHQs1S4VN3SjKQXDDnVuU=",
      "requires": {
        "base64url": "2.0.0",
        "buffer-equal-constant-time": "1.0.1",
        "ecdsa-sig-formatter": "1.0.9",
        "safe-buffer": "5.1.1"
      }
    },
    "jwk-to-pem": {
      "version": "1.2.6",
      "resolved": "https://registry.npmjs.org/jwk-to-pem/-/jwk-to-pem-1.2.6.tgz",
      "integrity": "sha1-1QfOzkAInFJI4J7GgmaiAwqcYyU=",
      "requires": {
        "asn1.js": "4.9.2",
        "elliptic": "6.4.0",
        "safe-buffer": "5.1.1"
      }
    },
    "jws": {
      "version": "3.1.4",
      "resolved": "https://registry.npmjs.org/jws/-/jws-3.1.4.tgz",
      "integrity": "sha1-+ei5M46KhHJ31kRLFGT2GIDgUKI=",
      "requires": {
        "base64url": "2.0.0",
        "jwa": "1.1.5",
        "safe-buffer": "5.1.1"
      }
    },
    "lodash": {
      "version": "4.17.4",
      "resolved": "https://registry.npmjs.org/lodash/-/lodash-4.17.4.tgz",
      "integrity": "sha1-eCA6TRwyiuHYbcpkYONptX9AVa4="
    },
    "lodash.reduce": {
      "version": "4.6.0",
      "resolved": "https://registry.npmjs.org/lodash.reduce/-/lodash.reduce-4.6.0.tgz",
      "integrity": "sha1-8atrg5KZrUj3hKu/R2WW8DuRTTs="
    },
    "lru-cache": {
      "version": "4.0.0",
      "resolved": "https://registry.npmjs.org/lru-cache/-/lru-cache-4.0.0.tgz",
      "integrity": "sha1-tcvwFVbBaWb+vlTO7A+03JDfbCg=",
      "requires": {
        "pseudomap": "1.0.2",
        "yallist": "2.1.2"
      }
    },
    "md5.js": {
      "version": "1.3.4",
      "resolved": "https://registry.npmjs.org/md5.js/-/md5.js-1.3.4.tgz",
      "integrity": "sha1-6b296UogpawYsENA/Fdk1bCdkB0=",
      "requires": {
        "hash-base": "3.0.4",
        "inherits": "2.0.3"
      }
    },
    "media-typer": {
      "version": "0.3.0",
      "resolved": "https://registry.npmjs.org/media-typer/-/media-typer-0.3.0.tgz",
      "integrity": "sha1-hxDXrwqmJvj/+hzgAWhUUmMlV0g="
    },
    "merge-descriptors": {
      "version": "1.0.1",
      "resolved": "https://registry.npmjs.org/merge-descriptors/-/merge-descriptors-1.0.1.tgz",
      "integrity": "sha1-sAqqVW3YtEVoFQ7J0blT8/kMu2E="
    },
    "method-override": {
      "version": "2.3.10",
      "resolved": "https://registry.npmjs.org/method-override/-/method-override-2.3.10.tgz",
      "integrity": "sha1-49r41d7hDdLc59SuiNYrvud0drQ=",
      "requires": {
        "debug": "2.6.9",
        "methods": "1.1.2",
        "parseurl": "1.3.2",
        "vary": "1.1.2"
      }
    },
    "methods": {
      "version": "1.1.2",
      "resolved": "https://registry.npmjs.org/methods/-/methods-1.1.2.tgz",
      "integrity": "sha1-VSmk1nZUE07cxSZmVoNbD4Ua/O4="
    },
    "mime": {
      "version": "1.4.1",
      "resolved": "https://registry.npmjs.org/mime/-/mime-1.4.1.tgz",
      "integrity": "sha1-Eh+evEnjdm8xGnbh+hyAA8SwOqY="
    },
    "mime-db": {
      "version": "1.30.0",
      "resolved": "https://registry.npmjs.org/mime-db/-/mime-db-1.30.0.tgz",
      "integrity": "sha1-dMZD2i3Z1qRTmZY0ZbJtXKfXHwE="
    },
    "mime-types": {
      "version": "2.1.17",
      "resolved": "https://registry.npmjs.org/mime-types/-/mime-types-2.1.17.tgz",
      "integrity": "sha1-Cdejk/A+mVp5+K+Fe3Cp4KsWVXo=",
      "requires": {
        "mime-db": "1.30.0"
      }
    },
    "minimalistic-assert": {
      "version": "1.0.0",
      "resolved": "https://registry.npmjs.org/minimalistic-assert/-/minimalistic-assert-1.0.0.tgz",
      "integrity": "sha1-cCvi3aazf0g2vLP121ZkG2Sh09M="
    },
    "minimalistic-crypto-utils": {
      "version": "1.0.1",
      "resolved": "https://registry.npmjs.org/minimalistic-crypto-utils/-/minimalistic-crypto-utils-1.0.1.tgz",
      "integrity": "sha1-9sAMHAsIIkblxNmd+4x8CDsrWCo="
    },
    "minimatch": {
      "version": "3.0.4",
      "resolved": "https://registry.npmjs.org/minimatch/-/minimatch-3.0.4.tgz",
      "integrity": "sha512-yJHVQEhyqPLUTgt9B83PXu6W3rx4MvvHvSUvToogpwoGDOUQ+yDrR0HRot+yOCdCO7u4hX3pWft6kWBBcqh0UA==",
      "optional": true,
      "requires": {
        "brace-expansion": "1.1.8"
      }
    },
    "minimist": {
      "version": "0.0.8",
      "resolved": "https://registry.npmjs.org/minimist/-/minimist-0.0.8.tgz",
      "integrity": "sha1-hX/Kv8M5fSYluCKCYuhqp6ARsF0=",
      "optional": true
    },
    "mkdirp": {
      "version": "0.5.1",
      "resolved": "https://registry.npmjs.org/mkdirp/-/mkdirp-0.5.1.tgz",
      "integrity": "sha1-MAV0OOrGz3+MR2fzhkjWaX11yQM=",
      "optional": true,
      "requires": {
        "minimist": "0.0.8"
      }
    },
    "moment": {
      "version": "2.20.1",
      "resolved": "https://registry.npmjs.org/moment/-/moment-2.20.1.tgz",
      "integrity": "sha512-Yh9y73JRljxW5QxN08Fner68eFLxM5ynNOAw2LbIB1YAGeQzZT8QFSUvkAz609Zf+IHhhaUxqZK8dG3W/+HEvg==",
      "optional": true
    },
    "ms": {
      "version": "2.0.0",
      "resolved": "https://registry.npmjs.org/ms/-/ms-2.0.0.tgz",
      "integrity": "sha1-VgiurfwAvmwpAd9fmGF4jeDVl8g="
    },
    "mv": {
      "version": "2.1.1",
      "resolved": "https://registry.npmjs.org/mv/-/mv-2.1.1.tgz",
      "integrity": "sha1-rmzg1vbV4KT32JN5jQPB6pVZtqI=",
      "optional": true,
      "requires": {
        "mkdirp": "0.5.1",
        "ncp": "2.0.0",
        "rimraf": "2.4.5"
      }
    },
    "nan": {
      "version": "2.8.0",
      "resolved": "https://registry.npmjs.org/nan/-/nan-2.8.0.tgz",
      "integrity": "sha1-7XFfP+neArV6XmJS2QqWZ14fCFo=",
      "optional": true
    },
    "ncp": {
      "version": "2.0.0",
      "resolved": "https://registry.npmjs.org/ncp/-/ncp-2.0.0.tgz",
      "integrity": "sha1-GVoh1sRuNh0vsSgbo4uR6d9727M=",
      "optional": true
    },
    "negotiator": {
      "version": "0.6.1",
      "resolved": "https://registry.npmjs.org/negotiator/-/negotiator-0.6.1.tgz",
      "integrity": "sha1-KzJxhOiZIQEXeyhWP7XnECrNDKk="
    },
    "nocache": {
      "version": "2.0.0",
      "resolved": "https://registry.npmjs.org/nocache/-/nocache-2.0.0.tgz",
      "integrity": "sha1-ICtIAhoMTL3i34DeFaF0Q8i0OYA="
    },
    "oauth": {
      "version": "0.9.14",
      "resolved": "https://registry.npmjs.org/oauth/-/oauth-0.9.14.tgz",
      "integrity": "sha1-xXSIg6QLU94wrenKvyEAQUuKCXE="
    },
    "oauth-sign": {
      "version": "0.8.2",
      "resolved": "https://registry.npmjs.org/oauth-sign/-/oauth-sign-0.8.2.tgz",
      "integrity": "sha1-Rqarfwrq2N6unsBWV4C31O/rnUM="
    },
    "on-finished": {
      "version": "2.3.0",
      "resolved": "https://registry.npmjs.org/on-finished/-/on-finished-2.3.0.tgz",
      "integrity": "sha1-IPEzZIGwg811M3mSoWlxqi2QaUc=",
      "requires": {
        "ee-first": "1.1.1"
      }
    },
    "on-headers": {
      "version": "1.0.1",
      "resolved": "https://registry.npmjs.org/on-headers/-/on-headers-1.0.1.tgz",
      "integrity": "sha1-ko9dD0cNSTQmUepnlLCFfBAGk/c="
    },
    "once": {
      "version": "1.4.0",
      "resolved": "https://registry.npmjs.org/once/-/once-1.4.0.tgz",
      "integrity": "sha1-WDsap3WWHUsROsF9nFC6753Xa9E=",
      "requires": {
        "wrappy": "1.0.2"
      }
    },
    "parseurl": {
      "version": "1.3.2",
      "resolved": "https://registry.npmjs.org/parseurl/-/parseurl-1.3.2.tgz",
      "integrity": "sha1-/CidTtiZMRlGDBViUyYs3I3mW/M="
    },
    "passport": {
      "version": "0.3.2",
      "resolved": "https://registry.npmjs.org/passport/-/passport-0.3.2.tgz",
      "integrity": "sha1-ndAJ+RXo/glbASSgG4+C2gdRAQI=",
      "requires": {
        "passport-strategy": "1.0.0",
        "pause": "0.0.1"
      }
    },
    "passport-azure-ad": {
      "version": "3.0.9",
      "resolved": "https://registry.npmjs.org/passport-azure-ad/-/passport-azure-ad-3.0.9.tgz",
      "integrity": "sha1-+771YzutPLmSutJTc7qS7MHgo+s=",
      "requires": {
        "async": "1.5.2",
        "base64url": "2.0.0",
        "bunyan": "1.8.12",
        "cache-manager": "2.6.0",
        "jwk-to-pem": "1.2.6",
        "jws": "3.1.4",
        "lodash": "4.17.4",
        "oauth": "0.9.14",
        "passport": "0.3.2",
        "pkginfo": "0.4.1",
        "request": "2.81.0",
        "valid-url": "1.0.9"
      },
      "dependencies": {
        "async": {
          "version": "1.5.2",
          "resolved": "https://registry.npmjs.org/async/-/async-1.5.2.tgz",
          "integrity": "sha1-7GphrlZIDAw8skHJVhjiCJL5Zyo="
        }
      }
    },
    "passport-strategy": {
      "version": "1.0.0",
      "resolved": "https://registry.npmjs.org/passport-strategy/-/passport-strategy-1.0.0.tgz",
      "integrity": "sha1-tVOaqPwiWj0a0XlHbd8ja0QPUuQ="
    },
    "path-is-absolute": {
      "version": "1.0.1",
      "resolved": "https://registry.npmjs.org/path-is-absolute/-/path-is-absolute-1.0.1.tgz",
      "integrity": "sha1-F0uSaHNVNP+8es5r9TpanhtcX18=",
      "optional": true
    },
    "path-to-regexp": {
      "version": "0.1.7",
      "resolved": "https://registry.npmjs.org/path-to-regexp/-/path-to-regexp-0.1.7.tgz",
      "integrity": "sha1-32BBeABfUi8V60SQ5yR6G/qmf4w="
    },
    "pause": {
      "version": "0.0.1",
      "resolved": "https://registry.npmjs.org/pause/-/pause-0.0.1.tgz",
      "integrity": "sha1-HUCLP9t2kjuVQ9lvtMnf1TXZy10="
    },
    "performance-now": {
      "version": "0.2.0",
      "resolved": "https://registry.npmjs.org/performance-now/-/performance-now-0.2.0.tgz",
      "integrity": "sha1-M+8wxcd9TqIcWlOGnZG1bY8lVeU="
    },
    "pkginfo": {
      "version": "0.4.1",
      "resolved": "https://registry.npmjs.org/pkginfo/-/pkginfo-0.4.1.tgz",
      "integrity": "sha1-tUGO8EOd5UJfxJlQQtztFPsqhP8="
    },
    "platform": {
      "version": "1.3.4",
      "resolved": "https://registry.npmjs.org/platform/-/platform-1.3.4.tgz",
      "integrity": "sha1-bw+xftqqSPIUQrOpdcBjEw8cPr0="
    },
    "process-nextick-args": {
      "version": "1.0.7",
      "resolved": "https://registry.npmjs.org/process-nextick-args/-/process-nextick-args-1.0.7.tgz",
      "integrity": "sha1-FQ4gt1ZZCtP5EJPyWk8q2L/zC6M="
    },
    "proxy-addr": {
      "version": "2.0.2",
      "resolved": "https://registry.npmjs.org/proxy-addr/-/proxy-addr-2.0.2.tgz",
      "integrity": "sha1-ZXFQT0e7mI7IGAJT+F3X4UlSvew=",
      "requires": {
        "forwarded": "0.1.2",
        "ipaddr.js": "1.5.2"
      }
    },
    "pseudomap": {
      "version": "1.0.2",
      "resolved": "https://registry.npmjs.org/pseudomap/-/pseudomap-1.0.2.tgz",
      "integrity": "sha1-8FKijacOYYkX7wqKw0wa5aaChrM="
    },
    "punycode": {
      "version": "1.4.1",
      "resolved": "https://registry.npmjs.org/punycode/-/punycode-1.4.1.tgz",
      "integrity": "sha1-wNWmOycYgArY4esPpSachN1BhF4="
    },
    "qs": {
      "version": "6.5.1",
      "resolved": "https://registry.npmjs.org/qs/-/qs-6.5.1.tgz",
      "integrity": "sha1-NJzfbu+J7EXBLX1es/wMhwNDptg="
    },
    "random-bytes": {
      "version": "1.0.0",
      "resolved": "https://registry.npmjs.org/random-bytes/-/random-bytes-1.0.0.tgz",
      "integrity": "sha1-T2ih3Arli9P7lYSMMDJNt11kNgs="
    },
    "range-parser": {
      "version": "1.2.0",
      "resolved": "https://registry.npmjs.org/range-parser/-/range-parser-1.2.0.tgz",
      "integrity": "sha1-9JvmtIeJTdxA3MlKMi9hEJLgDV4="
    },
    "raw-body": {
      "version": "2.3.2",
      "resolved": "https://registry.npmjs.org/raw-body/-/raw-body-2.3.2.tgz",
      "integrity": "sha1-vNYMd9Prk83gBQKVw/N5OJvIj4k=",
      "requires": {
        "bytes": "3.0.0",
        "http-errors": "1.6.2",
        "iconv-lite": "0.4.19",
        "unpipe": "1.0.0"
      }
    },
    "readable-stream": {
      "version": "2.0.6",
      "resolved": "https://registry.npmjs.org/readable-stream/-/readable-stream-2.0.6.tgz",
      "integrity": "sha1-j5A0HmilPMySh4jaz80Rs265t44=",
      "requires": {
        "core-util-is": "1.0.2",
        "inherits": "2.0.3",
        "isarray": "1.0.0",
        "process-nextick-args": "1.0.7",
        "string_decoder": "0.10.31",
        "util-deprecate": "1.0.2"
      }
    },
    "referrer-policy": {
      "version": "1.1.0",
      "resolved": "https://registry.npmjs.org/referrer-policy/-/referrer-policy-1.1.0.tgz",
      "integrity": "sha1-NXdOtzW/UPtsB46DM0tHI1AgfXk="
    },
    "request": {
      "version": "2.81.0",
      "resolved": "https://registry.npmjs.org/request/-/request-2.81.0.tgz",
      "integrity": "sha1-xpKJRqDgbF+Nb4qTM0af/aRimKA=",
      "requires": {
        "aws-sign2": "0.6.0",
        "aws4": "1.6.0",
        "caseless": "0.12.0",
        "combined-stream": "1.0.5",
        "extend": "3.0.1",
        "forever-agent": "0.6.1",
        "form-data": "2.1.4",
        "har-validator": "4.2.1",
        "hawk": "3.1.3",
        "http-signature": "1.1.1",
        "is-typedarray": "1.0.0",
        "isstream": "0.1.2",
        "json-stringify-safe": "5.0.1",
        "mime-types": "2.1.17",
        "oauth-sign": "0.8.2",
        "performance-now": "0.2.0",
        "qs": "6.4.0",
        "safe-buffer": "5.1.1",
        "stringstream": "0.0.5",
        "tough-cookie": "2.3.3",
        "tunnel-agent": "0.6.0",
        "uuid": "3.1.0"
      },
      "dependencies": {
        "extend": {
          "version": "3.0.1",
          "resolved": "https://registry.npmjs.org/extend/-/extend-3.0.1.tgz",
          "integrity": "sha1-p1Xqe8Gt/MWjHOfnYtuq3F5jZEQ="
        },
        "qs": {
          "version": "6.4.0",
          "resolved": "https://registry.npmjs.org/qs/-/qs-6.4.0.tgz",
          "integrity": "sha1-E+JtKK1rD/qpExLNO/cI7TUecjM="
        }
      }
    },
    "rimraf": {
      "version": "2.4.5",
      "resolved": "https://registry.npmjs.org/rimraf/-/rimraf-2.4.5.tgz",
      "integrity": "sha1-7nEM5dk6j9uFb7Xqj/Di11k0sto=",
      "optional": true,
      "requires": {
        "glob": "6.0.4"
      }
    },
    "safe-buffer": {
      "version": "5.1.1",
      "resolved": "https://registry.npmjs.org/safe-buffer/-/safe-buffer-5.1.1.tgz",
      "integrity": "sha1-iTMSr2myEj3vcfV4iQAWce6yyFM="
    },
    "safe-json-stringify": {
      "version": "1.0.4",
      "resolved": "https://registry.npmjs.org/safe-json-stringify/-/safe-json-stringify-1.0.4.tgz",
      "integrity": "sha1-gaCY9Efku8P/MxKiQ1IbwGDvWRE=",
      "optional": true
    },
    "sax": {
      "version": "0.5.2",
      "resolved": "https://registry.npmjs.org/sax/-/sax-0.5.2.tgz",
      "integrity": "sha1-c1/6o5oc/4/7lZjwIjq9sDqfsuo="
    },
    "send": {
      "version": "0.16.1",
      "resolved": "https://registry.npmjs.org/send/-/send-0.16.1.tgz",
      "integrity": "sha1-pw4coh0TgsEdDZ9iMd6ygQgNerM=",
      "requires": {
        "debug": "2.6.9",
        "depd": "1.1.1",
        "destroy": "1.0.4",
        "encodeurl": "1.0.1",
        "escape-html": "1.0.3",
        "etag": "1.8.1",
        "fresh": "0.5.2",
        "http-errors": "1.6.2",
        "mime": "1.4.1",
        "ms": "2.0.0",
        "on-finished": "2.3.0",
        "range-parser": "1.2.0",
        "statuses": "1.3.1"
      },
      "dependencies": {
        "statuses": {
          "version": "1.3.1",
          "resolved": "https://registry.npmjs.org/statuses/-/statuses-1.3.1.tgz",
          "integrity": "sha1-+vUbnrdKrvOzrPStX2Gr8ky3uT4="
        }
      }
    },
    "serve-static": {
      "version": "1.13.1",
      "resolved": "https://registry.npmjs.org/serve-static/-/serve-static-1.13.1.tgz",
      "integrity": "sha1-TFfVNASnYdjy58HooYpH2/J4pxk=",
      "requires": {
        "encodeurl": "1.0.1",
        "escape-html": "1.0.3",
        "parseurl": "1.3.2",
        "send": "0.16.1"
      }
    },
    "setprototypeof": {
      "version": "1.0.3",
      "resolved": "https://registry.npmjs.org/setprototypeof/-/setprototypeof-1.0.3.tgz",
      "integrity": "sha1-ZlZ+NwQ+608E2RvWWMDL77VbjgQ="
    },
    "sntp": {
      "version": "1.0.9",
      "resolved": "https://registry.npmjs.org/sntp/-/sntp-1.0.9.tgz",
      "integrity": "sha1-ZUEYTMkK7qbG57NeJlkIJEPGYZg=",
      "requires": {
        "hoek": "2.16.3"
      }
    },
    "sshpk": {
      "version": "1.13.1",
      "resolved": "https://registry.npmjs.org/sshpk/-/sshpk-1.13.1.tgz",
      "integrity": "sha1-US322mKHFEMW3EwY/hzx2UBzm+M=",
      "requires": {
        "asn1": "0.2.3",
        "assert-plus": "1.0.0",
        "bcrypt-pbkdf": "1.0.1",
        "dashdash": "1.14.1",
        "ecc-jsbn": "0.1.1",
        "getpass": "0.1.7",
        "jsbn": "0.1.1",
        "tweetnacl": "0.14.5"
      },
      "dependencies": {
        "assert-plus": {
          "version": "1.0.0",
          "resolved": "https://registry.npmjs.org/assert-plus/-/assert-plus-1.0.0.tgz",
          "integrity": "sha1-8S4PPF13sLHN2RRpQuTpbB5N1SU="
        }
      }
    },
    "statuses": {
      "version": "1.4.0",
      "resolved": "https://registry.npmjs.org/statuses/-/statuses-1.4.0.tgz",
      "integrity": "sha1-u3PURtonlhBu/MG2AaJT1sRr0Ic="
    },
    "string_decoder": {
      "version": "0.10.31",
      "resolved": "https://registry.npmjs.org/string_decoder/-/string_decoder-0.10.31.tgz",
      "integrity": "sha1-YuIDvEF2bGwoyfyEMB2rHFMQ+pQ="
    },
    "stringstream": {
      "version": "0.0.5",
      "resolved": "https://registry.npmjs.org/stringstream/-/stringstream-0.0.5.tgz",
      "integrity": "sha1-TkhM1N5aC7vuGORjB3EKioFiGHg="
    },
    "tough-cookie": {
      "version": "2.3.3",
      "resolved": "https://registry.npmjs.org/tough-cookie/-/tough-cookie-2.3.3.tgz",
      "integrity": "sha1-C2GKVWW23qkL80JdBNVe3EdadWE=",
      "requires": {
        "punycode": "1.4.1"
      }
    },
    "tunnel-agent": {
      "version": "0.6.0",
      "resolved": "https://registry.npmjs.org/tunnel-agent/-/tunnel-agent-0.6.0.tgz",
      "integrity": "sha1-J6XeoGs2sEoKmWZ3SykIaPD8QP0=",
      "requires": {
        "safe-buffer": "5.1.1"
      }
    },
    "tweetnacl": {
      "version": "0.14.5",
      "resolved": "https://registry.npmjs.org/tweetnacl/-/tweetnacl-0.14.5.tgz",
      "integrity": "sha1-WuaBd/GS1EViadEIr6k/+HQ/T2Q=",
      "optional": true
    },
    "type-is": {
      "version": "1.6.15",
      "resolved": "https://registry.npmjs.org/type-is/-/type-is-1.6.15.tgz",
      "integrity": "sha1-yrEPtJCeRByChC6v4a1kbIGARBA=",
      "requires": {
        "media-typer": "0.3.0",
        "mime-types": "2.1.17"
      }
    },
    "uid-safe": {
      "version": "2.1.5",
      "resolved": "https://registry.npmjs.org/uid-safe/-/uid-safe-2.1.5.tgz",
      "integrity": "sha512-KPHm4VL5dDXKz01UuEd88Df+KzynaohSL9fBh096KWAxSKZQDI2uBrVqtvRM4rwrIrRRKsdLNML/lnaaVSRioA==",
      "requires": {
        "random-bytes": "1.0.0"
      }
    },
    "underscore": {
      "version": "1.8.3",
      "resolved": "https://registry.npmjs.org/underscore/-/underscore-1.8.3.tgz",
      "integrity": "sha1-Tz+1OxBuYJf8+ctBCfKl6b36UCI="
    },
    "unpipe": {
      "version": "1.0.0",
      "resolved": "https://registry.npmjs.org/unpipe/-/unpipe-1.0.0.tgz",
      "integrity": "sha1-sr9O6FFKrmFltIF4KdIbLvSZBOw="
    },
    "util-deprecate": {
      "version": "1.0.2",
      "resolved": "https://registry.npmjs.org/util-deprecate/-/util-deprecate-1.0.2.tgz",
      "integrity": "sha1-RQ1Nyfpw3nMnYvvS1KKJgUGaDM8="
    },
    "utils-merge": {
      "version": "1.0.1",
      "resolved": "https://registry.npmjs.org/utils-merge/-/utils-merge-1.0.1.tgz",
      "integrity": "sha1-n5VxD1CiZ5R7LMwSR0HBAoQn5xM="
    },
    "uuid": {
      "version": "3.1.0",
      "resolved": "https://registry.npmjs.org/uuid/-/uuid-3.1.0.tgz",
      "integrity": "sha1-PdPT55Crwk17DToDT/q6vijrvAQ="
    },
    "valid-url": {
      "version": "1.0.9",
      "resolved": "https://registry.npmjs.org/valid-url/-/valid-url-1.0.9.tgz",
      "integrity": "sha1-HBRHm0DxOXp1eC8RXkCGRHQzogA="
    },
    "validator": {
      "version": "3.35.0",
      "resolved": "https://registry.npmjs.org/validator/-/validator-3.35.0.tgz",
      "integrity": "sha1-PwcklALB/I/Ak8MsbkPXKnnModw="
    },
    "vary": {
      "version": "1.1.2",
      "resolved": "https://registry.npmjs.org/vary/-/vary-1.1.2.tgz",
      "integrity": "sha1-IpnwLG3tMNSllhsLn3RSShj2NPw="
    },
    "verror": {
      "version": "1.10.0",
      "resolved": "https://registry.npmjs.org/verror/-/verror-1.10.0.tgz",
      "integrity": "sha1-OhBcoXBTr1XW4nDB+CiGguGNpAA=",
      "requires": {
        "assert-plus": "1.0.0",
        "core-util-is": "1.0.2",
        "extsprintf": "1.3.0"
      },
      "dependencies": {
        "assert-plus": {
          "version": "1.0.0",
          "resolved": "https://registry.npmjs.org/assert-plus/-/assert-plus-1.0.0.tgz",
          "integrity": "sha1-8S4PPF13sLHN2RRpQuTpbB5N1SU="
        }
      }
    },
    "wrappy": {
      "version": "1.0.2",
      "resolved": "https://registry.npmjs.org/wrappy/-/wrappy-1.0.2.tgz",
      "integrity": "sha1-tSQ9jz7BqjXxNkYFvA0QNuMKtp8="
    },
    "x-xss-protection": {
      "version": "1.0.0",
      "resolved": "https://registry.npmjs.org/x-xss-protection/-/x-xss-protection-1.0.0.tgz",
      "integrity": "sha1-iYr7k4abJGYc+cUvnujbjtB2Tdk="
    },
    "xml2js": {
      "version": "0.2.7",
      "resolved": "https://registry.npmjs.org/xml2js/-/xml2js-0.2.7.tgz",
      "integrity": "sha1-GDhRi7AXQcrgh4urSRXklMMjBq8=",
      "requires": {
        "sax": "0.5.2"
      }
    },
    "xmlbuilder": {
      "version": "0.4.3",
      "resolved": "https://registry.npmjs.org/xmlbuilder/-/xmlbuilder-0.4.3.tgz",
      "integrity": "sha1-xGFLp04K0ZbmCcknLNnh3bKKilg="
    },
    "yallist": {
      "version": "2.1.2",
      "resolved": "https://registry.npmjs.org/yallist/-/yallist-2.1.2.tgz",
      "integrity": "sha1-HBH5IY8HYImkfdUS+TxmmaaoHVI="
    }
  }
}
